// !$*UTF8*$!
{
	archiveVersion = 1;
	classes = {
	};
	objectVersion = 55;
	objects = {

/* Begin PBXBuildFile section */
		490DB3E028A7909C00851BE3 /* AppDelegate.swift in Sources */ = {isa = PBXBuildFile; fileRef = 490DB3DF28A7909C00851BE3 /* AppDelegate.swift */; };
		490DB3E228A7909C00851BE3 /* SceneDelegate.swift in Sources */ = {isa = PBXBuildFile; fileRef = 490DB3E128A7909C00851BE3 /* SceneDelegate.swift */; };
		490DB3E728A7909C00851BE3 /* Main.storyboard in Resources */ = {isa = PBXBuildFile; fileRef = 490DB3E528A7909C00851BE3 /* Main.storyboard */; };
		490DB3E928A7909D00851BE3 /* Assets.xcassets in Resources */ = {isa = PBXBuildFile; fileRef = 490DB3E828A7909D00851BE3 /* Assets.xcassets */; };
		490DB3EC28A7909D00851BE3 /* LaunchScreen.storyboard in Resources */ = {isa = PBXBuildFile; fileRef = 490DB3EA28A7909D00851BE3 /* LaunchScreen.storyboard */; };
		49926A7828A8BA7000023F15 /* SummonerViewController.swift in Sources */ = {isa = PBXBuildFile; fileRef = 49926A7728A8BA7000023F15 /* SummonerViewController.swift */; };
		49926A7E28A8BC5C00023F15 /* SummonerHeaderView.swift in Sources */ = {isa = PBXBuildFile; fileRef = 49926A7D28A8BC5C00023F15 /* SummonerHeaderView.swift */; };
		49926A8028A8BC9B00023F15 /* SummonerGameCell.swift in Sources */ = {isa = PBXBuildFile; fileRef = 49926A7F28A8BC9B00023F15 /* SummonerGameCell.swift */; };
		49926A8228A8BCB900023F15 /* SummonerTierCell.swift in Sources */ = {isa = PBXBuildFile; fileRef = 49926A8128A8BCB900023F15 /* SummonerTierCell.swift */; };
		49926A8428A9123E00023F15 /* SummonerTierViewController.swift in Sources */ = {isa = PBXBuildFile; fileRef = 49926A8328A9123E00023F15 /* SummonerTierViewController.swift */; };
		49B4840228A7937500894A2A /* Alamofire in Frameworks */ = {isa = PBXBuildFile; productRef = 49B4840128A7937500894A2A /* Alamofire */; };
		49B4840628A7942D00894A2A /* HttpClient.swift in Sources */ = {isa = PBXBuildFile; fileRef = 49B4840528A7942D00894A2A /* HttpClient.swift */; };
		49B4840828A7944900894A2A /* HttpRoutable.swift in Sources */ = {isa = PBXBuildFile; fileRef = 49B4840728A7944900894A2A /* HttpRoutable.swift */; };
		49B4840A28A7946700894A2A /* Parameters.swift in Sources */ = {isa = PBXBuildFile; fileRef = 49B4840928A7946700894A2A /* Parameters.swift */; };
		49B4840C28A794F700894A2A /* HttpRouter.swift in Sources */ = {isa = PBXBuildFile; fileRef = 49B4840B28A794F700894A2A /* HttpRouter.swift */; };
		49B4840E28A795B300894A2A /* HttpRouter+Summoner.swift in Sources */ = {isa = PBXBuildFile; fileRef = 49B4840D28A795B300894A2A /* HttpRouter+Summoner.swift */; };
		49B4841128A7993300894A2A /* Summoner.swift in Sources */ = {isa = PBXBuildFile; fileRef = 49B4841028A7993300894A2A /* Summoner.swift */; };
		49B4841328A79A2E00894A2A /* Matches+Game.swift in Sources */ = {isa = PBXBuildFile; fileRef = 49B4841228A79A2E00894A2A /* Matches+Game.swift */; };
		49B4841528A7A08100894A2A /* Summoner+League.swift in Sources */ = {isa = PBXBuildFile; fileRef = 49B4841428A7A08100894A2A /* Summoner+League.swift */; };
		49B4841B28A7A5CF00894A2A /* Matches+Champion.swift in Sources */ = {isa = PBXBuildFile; fileRef = 49B4841A28A7A5CF00894A2A /* Matches+Champion.swift */; };
		49B4841D28A7A70700894A2A /* Matches.swift in Sources */ = {isa = PBXBuildFile; fileRef = 49B4841C28A7A70700894A2A /* Matches.swift */; };
		49B4841F28A7B36A00894A2A /* Colors.xcassets in Resources */ = {isa = PBXBuildFile; fileRef = 49B4841E28A7B36A00894A2A /* Colors.xcassets */; };
		49B4842128A7B42F00894A2A /* Images.xcassets in Resources */ = {isa = PBXBuildFile; fileRef = 49B4842028A7B42F00894A2A /* Images.xcassets */; };
		49D1209E28AA162B00F678C4 /* UIView+Reusable.swift in Sources */ = {isa = PBXBuildFile; fileRef = 49D1209D28AA162B00F678C4 /* UIView+Reusable.swift */; };
		49D120A028AA1A9400F678C4 /* Matches+Position.swift in Sources */ = {isa = PBXBuildFile; fileRef = 49D1209F28AA1A9400F678C4 /* Matches+Position.swift */; };
		49D120A228AA1AAE00F678C4 /* Matches+Summary.swift in Sources */ = {isa = PBXBuildFile; fileRef = 49D120A128AA1AAE00F678C4 /* Matches+Summary.swift */; };
		49D120A528AA20FF00F678C4 /* Kingfisher in Frameworks */ = {isa = PBXBuildFile; productRef = 49D120A428AA20FF00F678C4 /* Kingfisher */; };
		49D120A828AA212B00F678C4 /* SwiftDate in Frameworks */ = {isa = PBXBuildFile; productRef = 49D120A728AA212B00F678C4 /* SwiftDate */; };
/* End PBXBuildFile section */

/* Begin PBXFileReference section */
		490DB3DC28A7909C00851BE3 /* Summoner.app */ = {isa = PBXFileReference; explicitFileType = wrapper.application; includeInIndex = 0; path = Summoner.app; sourceTree = BUILT_PRODUCTS_DIR; };
		490DB3DF28A7909C00851BE3 /* AppDelegate.swift */ = {isa = PBXFileReference; lastKnownFileType = sourcecode.swift; path = AppDelegate.swift; sourceTree = "<group>"; };
		490DB3E128A7909C00851BE3 /* SceneDelegate.swift */ = {isa = PBXFileReference; lastKnownFileType = sourcecode.swift; path = SceneDelegate.swift; sourceTree = "<group>"; };
		490DB3E628A7909C00851BE3 /* Base */ = {isa = PBXFileReference; lastKnownFileType = file.storyboard; name = Base; path = Base.lproj/Main.storyboard; sourceTree = "<group>"; };
		490DB3E828A7909D00851BE3 /* Assets.xcassets */ = {isa = PBXFileReference; lastKnownFileType = folder.assetcatalog; path = Assets.xcassets; sourceTree = "<group>"; };
		490DB3EB28A7909D00851BE3 /* Base */ = {isa = PBXFileReference; lastKnownFileType = file.storyboard; name = Base; path = Base.lproj/LaunchScreen.storyboard; sourceTree = "<group>"; };
		490DB3ED28A7909D00851BE3 /* Info.plist */ = {isa = PBXFileReference; lastKnownFileType = text.plist.xml; path = Info.plist; sourceTree = "<group>"; };
		49926A7728A8BA7000023F15 /* SummonerViewController.swift */ = {isa = PBXFileReference; lastKnownFileType = sourcecode.swift; path = SummonerViewController.swift; sourceTree = "<group>"; };
		49926A7D28A8BC5C00023F15 /* SummonerHeaderView.swift */ = {isa = PBXFileReference; lastKnownFileType = sourcecode.swift; path = SummonerHeaderView.swift; sourceTree = "<group>"; };
		49926A7F28A8BC9B00023F15 /* SummonerGameCell.swift */ = {isa = PBXFileReference; lastKnownFileType = sourcecode.swift; path = SummonerGameCell.swift; sourceTree = "<group>"; };
		49926A8128A8BCB900023F15 /* SummonerTierCell.swift */ = {isa = PBXFileReference; lastKnownFileType = sourcecode.swift; path = SummonerTierCell.swift; sourceTree = "<group>"; };
		49926A8328A9123E00023F15 /* SummonerTierViewController.swift */ = {isa = PBXFileReference; lastKnownFileType = sourcecode.swift; path = SummonerTierViewController.swift; sourceTree = "<group>"; };
		49B4840528A7942D00894A2A /* HttpClient.swift */ = {isa = PBXFileReference; lastKnownFileType = sourcecode.swift; path = HttpClient.swift; sourceTree = "<group>"; };
		49B4840728A7944900894A2A /* HttpRoutable.swift */ = {isa = PBXFileReference; lastKnownFileType = sourcecode.swift; path = HttpRoutable.swift; sourceTree = "<group>"; };
		49B4840928A7946700894A2A /* Parameters.swift */ = {isa = PBXFileReference; lastKnownFileType = sourcecode.swift; path = Parameters.swift; sourceTree = "<group>"; };
		49B4840B28A794F700894A2A /* HttpRouter.swift */ = {isa = PBXFileReference; lastKnownFileType = sourcecode.swift; path = HttpRouter.swift; sourceTree = "<group>"; };
		49B4840D28A795B300894A2A /* HttpRouter+Summoner.swift */ = {isa = PBXFileReference; lastKnownFileType = sourcecode.swift; path = "HttpRouter+Summoner.swift"; sourceTree = "<group>"; };
		49B4841028A7993300894A2A /* Summoner.swift */ = {isa = PBXFileReference; lastKnownFileType = sourcecode.swift; path = Summoner.swift; sourceTree = "<group>"; };
		49B4841228A79A2E00894A2A /* Matches+Game.swift */ = {isa = PBXFileReference; lastKnownFileType = sourcecode.swift; path = "Matches+Game.swift"; sourceTree = "<group>"; };
		49B4841428A7A08100894A2A /* Summoner+League.swift */ = {isa = PBXFileReference; lastKnownFileType = sourcecode.swift; path = "Summoner+League.swift"; sourceTree = "<group>"; };
		49B4841A28A7A5CF00894A2A /* Matches+Champion.swift */ = {isa = PBXFileReference; lastKnownFileType = sourcecode.swift; path = "Matches+Champion.swift"; sourceTree = "<group>"; };
		49B4841C28A7A70700894A2A /* Matches.swift */ = {isa = PBXFileReference; lastKnownFileType = sourcecode.swift; path = Matches.swift; sourceTree = "<group>"; };
		49B4841E28A7B36A00894A2A /* Colors.xcassets */ = {isa = PBXFileReference; lastKnownFileType = folder.assetcatalog; path = Colors.xcassets; sourceTree = "<group>"; };
		49B4842028A7B42F00894A2A /* Images.xcassets */ = {isa = PBXFileReference; lastKnownFileType = folder.assetcatalog; path = Images.xcassets; sourceTree = "<group>"; };
		49D1209D28AA162B00F678C4 /* UIView+Reusable.swift */ = {isa = PBXFileReference; lastKnownFileType = sourcecode.swift; path = "UIView+Reusable.swift"; sourceTree = "<group>"; };
		49D1209F28AA1A9400F678C4 /* Matches+Position.swift */ = {isa = PBXFileReference; lastKnownFileType = sourcecode.swift; path = "Matches+Position.swift"; sourceTree = "<group>"; };
		49D120A128AA1AAE00F678C4 /* Matches+Summary.swift */ = {isa = PBXFileReference; lastKnownFileType = sourcecode.swift; path = "Matches+Summary.swift"; sourceTree = "<group>"; };
/* End PBXFileReference section */

/* Begin PBXFrameworksBuildPhase section */
		490DB3D928A7909C00851BE3 /* Frameworks */ = {
			isa = PBXFrameworksBuildPhase;
			buildActionMask = 2147483647;
			files = (
				49D120A528AA20FF00F678C4 /* Kingfisher in Frameworks */,
				49B4840228A7937500894A2A /* Alamofire in Frameworks */,
				49D120A828AA212B00F678C4 /* SwiftDate in Frameworks */,
			);
			runOnlyForDeploymentPostprocessing = 0;
		};
/* End PBXFrameworksBuildPhase section */

/* Begin PBXGroup section */
		490DB3D328A7909C00851BE3 = {
			isa = PBXGroup;
			children = (
				490DB3F328A790EA00851BE3 /* Apps */,
				490DB3F528A790FE00851BE3 /* Scenes */,
				490DB3F428A790F000851BE3 /* Storyboards */,
				490DB3DE28A7909C00851BE3 /* Supports */,
				490DB3DD28A7909C00851BE3 /* Products */,
			);
			sourceTree = "<group>";
		};
		490DB3DD28A7909C00851BE3 /* Products */ = {
			isa = PBXGroup;
			children = (
				490DB3DC28A7909C00851BE3 /* Summoner.app */,
			);
			name = Products;
			sourceTree = "<group>";
		};
		490DB3DE28A7909C00851BE3 /* Supports */ = {
			isa = PBXGroup;
			children = (
				490DB3ED28A7909D00851BE3 /* Info.plist */,
				490DB3E828A7909D00851BE3 /* Assets.xcassets */,
				49B4841E28A7B36A00894A2A /* Colors.xcassets */,
				49B4842028A7B42F00894A2A /* Images.xcassets */,
			);
			path = Supports;
			sourceTree = "<group>";
		};
		490DB3F328A790EA00851BE3 /* Apps */ = {
			isa = PBXGroup;
			children = (
				490DB3DF28A7909C00851BE3 /* AppDelegate.swift */,
				490DB3E128A7909C00851BE3 /* SceneDelegate.swift */,
				49D1209A28AA145400F678C4 /* Extensions */,
				49B4840328A793E900894A2A /* HttpClients */,
				49B4840428A793F500894A2A /* HttpRouters */,
				49B4840F28A7987100894A2A /* Models */,
			);
			path = Apps;
			sourceTree = "<group>";
		};
		490DB3F428A790F000851BE3 /* Storyboards */ = {
			isa = PBXGroup;
			children = (
				490DB3E528A7909C00851BE3 /* Main.storyboard */,
				490DB3EA28A7909D00851BE3 /* LaunchScreen.storyboard */,
			);
			path = Storyboards;
			sourceTree = "<group>";
		};
		490DB3F528A790FE00851BE3 /* Scenes */ = {
			isa = PBXGroup;
			children = (
				49926A7F28A8BC9B00023F15 /* SummonerGameCell.swift */,
				49926A7D28A8BC5C00023F15 /* SummonerHeaderView.swift */,
				49926A8128A8BCB900023F15 /* SummonerTierCell.swift */,
				49926A8328A9123E00023F15 /* SummonerTierViewController.swift */,
				49926A7728A8BA7000023F15 /* SummonerViewController.swift */,
			);
			path = Scenes;
			sourceTree = "<group>";
		};
		49B4840328A793E900894A2A /* HttpClients */ = {
			isa = PBXGroup;
			children = (
				49B4840528A7942D00894A2A /* HttpClient.swift */,
				49B4840728A7944900894A2A /* HttpRoutable.swift */,
				49B4840928A7946700894A2A /* Parameters.swift */,
			);
			path = HttpClients;
			sourceTree = "<group>";
		};
		49B4840428A793F500894A2A /* HttpRouters */ = {
			isa = PBXGroup;
			children = (
				49B4840B28A794F700894A2A /* HttpRouter.swift */,
				49B4840D28A795B300894A2A /* HttpRouter+Summoner.swift */,
			);
			path = HttpRouters;
			sourceTree = "<group>";
		};
		49B4840F28A7987100894A2A /* Models */ = {
			isa = PBXGroup;
			children = (
				49B4841C28A7A70700894A2A /* Matches.swift */,
				49B4841A28A7A5CF00894A2A /* Matches+Champion.swift */,
				49B4841228A79A2E00894A2A /* Matches+Game.swift */,
				49D1209F28AA1A9400F678C4 /* Matches+Position.swift */,
				49D120A128AA1AAE00F678C4 /* Matches+Summary.swift */,
				49B4841028A7993300894A2A /* Summoner.swift */,
				49B4841428A7A08100894A2A /* Summoner+League.swift */,
			);
			path = Models;
			sourceTree = "<group>";
		};
		49D1209A28AA145400F678C4 /* Extensions */ = {
			isa = PBXGroup;
			children = (
				49D1209D28AA162B00F678C4 /* UIView+Reusable.swift */,
			);
			path = Extensions;
			sourceTree = "<group>";
		};
/* End PBXGroup section */

/* Begin PBXNativeTarget section */
		490DB3DB28A7909C00851BE3 /* Summoner */ = {
			isa = PBXNativeTarget;
			buildConfigurationList = 490DB3F028A7909D00851BE3 /* Build configuration list for PBXNativeTarget "Summoner" */;
			buildPhases = (
				490DB3D828A7909C00851BE3 /* Sources */,
				490DB3D928A7909C00851BE3 /* Frameworks */,
				490DB3DA28A7909C00851BE3 /* Resources */,
			);
			buildRules = (
			);
			dependencies = (
			);
			name = Summoner;
			packageProductDependencies = (
				49B4840128A7937500894A2A /* Alamofire */,
				49D120A428AA20FF00F678C4 /* Kingfisher */,
				49D120A728AA212B00F678C4 /* SwiftDate */,
			);
			productName = Summoner;
			productReference = 490DB3DC28A7909C00851BE3 /* Summoner.app */;
			productType = "com.apple.product-type.application";
		};
/* End PBXNativeTarget section */

/* Begin PBXProject section */
		490DB3D428A7909C00851BE3 /* Project object */ = {
			isa = PBXProject;
			attributes = {
				BuildIndependentTargetsInParallel = 1;
				LastSwiftUpdateCheck = 1340;
				LastUpgradeCheck = 1340;
				TargetAttributes = {
					490DB3DB28A7909C00851BE3 = {
						CreatedOnToolsVersion = 13.4.1;
					};
				};
			};
			buildConfigurationList = 490DB3D728A7909C00851BE3 /* Build configuration list for PBXProject "Summoner" */;
			compatibilityVersion = "Xcode 13.0";
			developmentRegion = en;
			hasScannedForEncodings = 0;
			knownRegions = (
				en,
				Base,
			);
			mainGroup = 490DB3D328A7909C00851BE3;
			packageReferences = (
				49B4840028A7937500894A2A /* XCRemoteSwiftPackageReference "Alamofire" */,
				49D120A328AA20FF00F678C4 /* XCRemoteSwiftPackageReference "Kingfisher" */,
				49D120A628AA212B00F678C4 /* XCRemoteSwiftPackageReference "SwiftDate" */,
			);
			productRefGroup = 490DB3DD28A7909C00851BE3 /* Products */;
			projectDirPath = "";
			projectRoot = "";
			targets = (
				490DB3DB28A7909C00851BE3 /* Summoner */,
			);
		};
/* End PBXProject section */

/* Begin PBXResourcesBuildPhase section */
		490DB3DA28A7909C00851BE3 /* Resources */ = {
			isa = PBXResourcesBuildPhase;
			buildActionMask = 2147483647;
			files = (
				490DB3EC28A7909D00851BE3 /* LaunchScreen.storyboard in Resources */,
				49B4842128A7B42F00894A2A /* Images.xcassets in Resources */,
				49B4841F28A7B36A00894A2A /* Colors.xcassets in Resources */,
				490DB3E928A7909D00851BE3 /* Assets.xcassets in Resources */,
				490DB3E728A7909C00851BE3 /* Main.storyboard in Resources */,
			);
			runOnlyForDeploymentPostprocessing = 0;
		};
/* End PBXResourcesBuildPhase section */

/* Begin PBXSourcesBuildPhase section */
		490DB3D828A7909C00851BE3 /* Sources */ = {
			isa = PBXSourcesBuildPhase;
			buildActionMask = 2147483647;
			files = (
				49B4840828A7944900894A2A /* HttpRoutable.swift in Sources */,
				49B4841B28A7A5CF00894A2A /* Matches+Champion.swift in Sources */,
				49B4841128A7993300894A2A /* Summoner.swift in Sources */,
				49926A7E28A8BC5C00023F15 /* SummonerHeaderView.swift in Sources */,
				490DB3E028A7909C00851BE3 /* AppDelegate.swift in Sources */,
				49926A8428A9123E00023F15 /* SummonerTierViewController.swift in Sources */,
				49B4841528A7A08100894A2A /* Summoner+League.swift in Sources */,
				49B4840628A7942D00894A2A /* HttpClient.swift in Sources */,
				490DB3E228A7909C00851BE3 /* SceneDelegate.swift in Sources */,
				49B4840A28A7946700894A2A /* Parameters.swift in Sources */,
				49B4840E28A795B300894A2A /* HttpRouter+Summoner.swift in Sources */,
				49D120A028AA1A9400F678C4 /* Matches+Position.swift in Sources */,
				49D1209E28AA162B00F678C4 /* UIView+Reusable.swift in Sources */,
				49926A7828A8BA7000023F15 /* SummonerViewController.swift in Sources */,
				49D120A228AA1AAE00F678C4 /* Matches+Summary.swift in Sources */,
				49926A8228A8BCB900023F15 /* SummonerTierCell.swift in Sources */,
				49B4840C28A794F700894A2A /* HttpRouter.swift in Sources */,
				49B4841D28A7A70700894A2A /* Matches.swift in Sources */,
				49B4841328A79A2E00894A2A /* Matches+Game.swift in Sources */,
				49926A8028A8BC9B00023F15 /* SummonerGameCell.swift in Sources */,
			);
			runOnlyForDeploymentPostprocessing = 0;
		};
/* End PBXSourcesBuildPhase section */

/* Begin PBXVariantGroup section */
		490DB3E528A7909C00851BE3 /* Main.storyboard */ = {
			isa = PBXVariantGroup;
			children = (
				490DB3E628A7909C00851BE3 /* Base */,
			);
			name = Main.storyboard;
			sourceTree = "<group>";
		};
		490DB3EA28A7909D00851BE3 /* LaunchScreen.storyboard */ = {
			isa = PBXVariantGroup;
			children = (
				490DB3EB28A7909D00851BE3 /* Base */,
			);
			name = LaunchScreen.storyboard;
			sourceTree = "<group>";
		};
/* End PBXVariantGroup section */

/* Begin XCBuildConfiguration section */
		490DB3EE28A7909D00851BE3 /* Debug */ = {
			isa = XCBuildConfiguration;
			buildSettings = {
				ALWAYS_SEARCH_USER_PATHS = NO;
				CLANG_ANALYZER_NONNULL = YES;
				CLANG_ANALYZER_NUMBER_OBJECT_CONVERSION = YES_AGGRESSIVE;
				CLANG_CXX_LANGUAGE_STANDARD = "gnu++17";
				CLANG_ENABLE_MODULES = YES;
				CLANG_ENABLE_OBJC_ARC = YES;
				CLANG_ENABLE_OBJC_WEAK = YES;
				CLANG_WARN_BLOCK_CAPTURE_AUTORELEASING = YES;
				CLANG_WARN_BOOL_CONVERSION = YES;
				CLANG_WARN_COMMA = YES;
				CLANG_WARN_CONSTANT_CONVERSION = YES;
				CLANG_WARN_DEPRECATED_OBJC_IMPLEMENTATIONS = YES;
				CLANG_WARN_DIRECT_OBJC_ISA_USAGE = YES_ERROR;
				CLANG_WARN_DOCUMENTATION_COMMENTS = YES;
				CLANG_WARN_EMPTY_BODY = YES;
				CLANG_WARN_ENUM_CONVERSION = YES;
				CLANG_WARN_INFINITE_RECURSION = YES;
				CLANG_WARN_INT_CONVERSION = YES;
				CLANG_WARN_NON_LITERAL_NULL_CONVERSION = YES;
				CLANG_WARN_OBJC_IMPLICIT_RETAIN_SELF = YES;
				CLANG_WARN_OBJC_LITERAL_CONVERSION = YES;
				CLANG_WARN_OBJC_ROOT_CLASS = YES_ERROR;
				CLANG_WARN_QUOTED_INCLUDE_IN_FRAMEWORK_HEADER = YES;
				CLANG_WARN_RANGE_LOOP_ANALYSIS = YES;
				CLANG_WARN_STRICT_PROTOTYPES = YES;
				CLANG_WARN_SUSPICIOUS_MOVE = YES;
				CLANG_WARN_UNGUARDED_AVAILABILITY = YES_AGGRESSIVE;
				CLANG_WARN_UNREACHABLE_CODE = YES;
				CLANG_WARN__DUPLICATE_METHOD_MATCH = YES;
				COPY_PHASE_STRIP = NO;
				DEBUG_INFORMATION_FORMAT = dwarf;
				ENABLE_STRICT_OBJC_MSGSEND = YES;
				ENABLE_TESTABILITY = YES;
				GCC_C_LANGUAGE_STANDARD = gnu11;
				GCC_DYNAMIC_NO_PIC = NO;
				GCC_NO_COMMON_BLOCKS = YES;
				GCC_OPTIMIZATION_LEVEL = 0;
				GCC_PREPROCESSOR_DEFINITIONS = (
					"DEBUG=1",
					"$(inherited)",
				);
				GCC_WARN_64_TO_32_BIT_CONVERSION = YES;
				GCC_WARN_ABOUT_RETURN_TYPE = YES_ERROR;
				GCC_WARN_UNDECLARED_SELECTOR = YES;
				GCC_WARN_UNINITIALIZED_AUTOS = YES_AGGRESSIVE;
				GCC_WARN_UNUSED_FUNCTION = YES;
				GCC_WARN_UNUSED_VARIABLE = YES;
				IPHONEOS_DEPLOYMENT_TARGET = 15.5;
				MTL_ENABLE_DEBUG_INFO = INCLUDE_SOURCE;
				MTL_FAST_MATH = YES;
				ONLY_ACTIVE_ARCH = YES;
				SDKROOT = iphoneos;
				SWIFT_ACTIVE_COMPILATION_CONDITIONS = DEBUG;
				SWIFT_OPTIMIZATION_LEVEL = "-Onone";
			};
			name = Debug;
		};
		490DB3EF28A7909D00851BE3 /* Release */ = {
			isa = XCBuildConfiguration;
			buildSettings = {
				ALWAYS_SEARCH_USER_PATHS = NO;
				CLANG_ANALYZER_NONNULL = YES;
				CLANG_ANALYZER_NUMBER_OBJECT_CONVERSION = YES_AGGRESSIVE;
				CLANG_CXX_LANGUAGE_STANDARD = "gnu++17";
				CLANG_ENABLE_MODULES = YES;
				CLANG_ENABLE_OBJC_ARC = YES;
				CLANG_ENABLE_OBJC_WEAK = YES;
				CLANG_WARN_BLOCK_CAPTURE_AUTORELEASING = YES;
				CLANG_WARN_BOOL_CONVERSION = YES;
				CLANG_WARN_COMMA = YES;
				CLANG_WARN_CONSTANT_CONVERSION = YES;
				CLANG_WARN_DEPRECATED_OBJC_IMPLEMENTATIONS = YES;
				CLANG_WARN_DIRECT_OBJC_ISA_USAGE = YES_ERROR;
				CLANG_WARN_DOCUMENTATION_COMMENTS = YES;
				CLANG_WARN_EMPTY_BODY = YES;
				CLANG_WARN_ENUM_CONVERSION = YES;
				CLANG_WARN_INFINITE_RECURSION = YES;
				CLANG_WARN_INT_CONVERSION = YES;
				CLANG_WARN_NON_LITERAL_NULL_CONVERSION = YES;
				CLANG_WARN_OBJC_IMPLICIT_RETAIN_SELF = YES;
				CLANG_WARN_OBJC_LITERAL_CONVERSION = YES;
				CLANG_WARN_OBJC_ROOT_CLASS = YES_ERROR;
				CLANG_WARN_QUOTED_INCLUDE_IN_FRAMEWORK_HEADER = YES;
				CLANG_WARN_RANGE_LOOP_ANALYSIS = YES;
				CLANG_WARN_STRICT_PROTOTYPES = YES;
				CLANG_WARN_SUSPICIOUS_MOVE = YES;
				CLANG_WARN_UNGUARDED_AVAILABILITY = YES_AGGRESSIVE;
				CLANG_WARN_UNREACHABLE_CODE = YES;
				CLANG_WARN__DUPLICATE_METHOD_MATCH = YES;
				COPY_PHASE_STRIP = NO;
				DEBUG_INFORMATION_FORMAT = "dwarf-with-dsym";
				ENABLE_NS_ASSERTIONS = NO;
				ENABLE_STRICT_OBJC_MSGSEND = YES;
				GCC_C_LANGUAGE_STANDARD = gnu11;
				GCC_NO_COMMON_BLOCKS = YES;
				GCC_WARN_64_TO_32_BIT_CONVERSION = YES;
				GCC_WARN_ABOUT_RETURN_TYPE = YES_ERROR;
				GCC_WARN_UNDECLARED_SELECTOR = YES;
				GCC_WARN_UNINITIALIZED_AUTOS = YES_AGGRESSIVE;
				GCC_WARN_UNUSED_FUNCTION = YES;
				GCC_WARN_UNUSED_VARIABLE = YES;
				IPHONEOS_DEPLOYMENT_TARGET = 15.5;
				MTL_ENABLE_DEBUG_INFO = NO;
				MTL_FAST_MATH = YES;
				SDKROOT = iphoneos;
				SWIFT_COMPILATION_MODE = wholemodule;
				SWIFT_OPTIMIZATION_LEVEL = "-O";
				VALIDATE_PRODUCT = YES;
			};
			name = Release;
		};
		490DB3F128A7909D00851BE3 /* Debug */ = {
			isa = XCBuildConfiguration;
			buildSettings = {
				ASSETCATALOG_COMPILER_APPICON_NAME = AppIcon;
				ASSETCATALOG_COMPILER_GLOBAL_ACCENT_COLOR_NAME = AccentColor;
				CODE_SIGN_STYLE = Automatic;
				CURRENT_PROJECT_VERSION = 1;
				GENERATE_INFOPLIST_FILE = YES;
				INFOPLIST_FILE = Supports/Info.plist;
				INFOPLIST_KEY_UIApplicationSupportsIndirectInputEvents = YES;
				INFOPLIST_KEY_UILaunchStoryboardName = LaunchScreen;
				INFOPLIST_KEY_UIMainStoryboardFile = Main;
				INFOPLIST_KEY_UISupportedInterfaceOrientations_iPad = "UIInterfaceOrientationPortrait UIInterfaceOrientationPortraitUpsideDown UIInterfaceOrientationLandscapeLeft UIInterfaceOrientationLandscapeRight";
				INFOPLIST_KEY_UISupportedInterfaceOrientations_iPhone = "UIInterfaceOrientationPortrait UIInterfaceOrientationLandscapeLeft UIInterfaceOrientationLandscapeRight";
				LD_RUNPATH_SEARCH_PATHS = (
					"$(inherited)",
					"@executable_path/Frameworks",
				);
				MARKETING_VERSION = 1.0;
				PRODUCT_BUNDLE_IDENTIFIER = app.tinygram.summoner;
				PRODUCT_NAME = "$(TARGET_NAME)";
				SWIFT_EMIT_LOC_STRINGS = YES;
				SWIFT_VERSION = 5.0;
				TARGETED_DEVICE_FAMILY = "1,2";
			};
			name = Debug;
		};
		490DB3F228A7909D00851BE3 /* Release */ = {
			isa = XCBuildConfiguration;
			buildSettings = {
				ASSETCATALOG_COMPILER_APPICON_NAME = AppIcon;
				ASSETCATALOG_COMPILER_GLOBAL_ACCENT_COLOR_NAME = AccentColor;
				CODE_SIGN_STYLE = Automatic;
				CURRENT_PROJECT_VERSION = 1;
				GENERATE_INFOPLIST_FILE = YES;
				INFOPLIST_FILE = Supports/Info.plist;
				INFOPLIST_KEY_UIApplicationSupportsIndirectInputEvents = YES;
				INFOPLIST_KEY_UILaunchStoryboardName = LaunchScreen;
				INFOPLIST_KEY_UIMainStoryboardFile = Main;
				INFOPLIST_KEY_UISupportedInterfaceOrientations_iPad = "UIInterfaceOrientationPortrait UIInterfaceOrientationPortraitUpsideDown UIInterfaceOrientationLandscapeLeft UIInterfaceOrientationLandscapeRight";
				INFOPLIST_KEY_UISupportedInterfaceOrientations_iPhone = "UIInterfaceOrientationPortrait UIInterfaceOrientationLandscapeLeft UIInterfaceOrientationLandscapeRight";
				LD_RUNPATH_SEARCH_PATHS = (
					"$(inherited)",
					"@executable_path/Frameworks",
				);
				MARKETING_VERSION = 1.0;
				PRODUCT_BUNDLE_IDENTIFIER = app.tinygram.summoner;
				PRODUCT_NAME = "$(TARGET_NAME)";
				SWIFT_EMIT_LOC_STRINGS = YES;
				SWIFT_VERSION = 5.0;
				TARGETED_DEVICE_FAMILY = "1,2";
			};
			name = Release;
		};
/* End XCBuildConfiguration section */

/* Begin XCConfigurationList section */
		490DB3D728A7909C00851BE3 /* Build configuration list for PBXProject "Summoner" */ = {
			isa = XCConfigurationList;
			buildConfigurations = (
				490DB3EE28A7909D00851BE3 /* Debug */,
				490DB3EF28A7909D00851BE3 /* Release */,
			);
			defaultConfigurationIsVisible = 0;
			defaultConfigurationName = Release;
		};
		490DB3F028A7909D00851BE3 /* Build configuration list for PBXNativeTarget "Summoner" */ = {
			isa = XCConfigurationList;
			buildConfigurations = (
				490DB3F128A7909D00851BE3 /* Debug */,
				490DB3F228A7909D00851BE3 /* Release */,
			);
			defaultConfigurationIsVisible = 0;
			defaultConfigurationName = Release;
		};
/* End XCConfigurationList section */

/* Begin XCRemoteSwiftPackageReference section */
		49B4840028A7937500894A2A /* XCRemoteSwiftPackageReference "Alamofire" */ = {
			isa = XCRemoteSwiftPackageReference;
			repositoryURL = "https://github.com/Alamofire/Alamofire.git";
			requirement = {
				kind = upToNextMajorVersion;
				minimumVersion = 5.0.0;
			};
		};
		49D120A328AA20FF00F678C4 /* XCRemoteSwiftPackageReference "Kingfisher" */ = {
			isa = XCRemoteSwiftPackageReference;
			repositoryURL = "https://github.com/onevcat/Kingfisher";
			requirement = {
				kind = upToNextMajorVersion;
				minimumVersion = 7.0.0;
			};
		};
		49D120A628AA212B00F678C4 /* XCRemoteSwiftPackageReference "SwiftDate" */ = {
			isa = XCRemoteSwiftPackageReference;
			repositoryURL = "https://github.com/malcommac/SwiftDate.git";
			requirement = {
				kind = upToNextMajorVersion;
				minimumVersion = 6.0.0;
			};
		};
/* End XCRemoteSwiftPackageReference section */

/* Begin XCSwiftPackageProductDependency section */
		49B4840128A7937500894A2A /* Alamofire */ = {
			isa = XCSwiftPackageProductDependency;
			package = 49B4840028A7937500894A2A /* XCRemoteSwiftPackageReference "Alamofire" */;
			productName = Alamofire;
		};
		49D120A428AA20FF00F678C4 /* Kingfisher */ = {
			isa = XCSwiftPackageProductDependency;
			package = 49D120A328AA20FF00F678C4 /* XCRemoteSwiftPackageReference "Kingfisher" */;
			productName = Kingfisher;
		};
		49D120A728AA212B00F678C4 /* SwiftDate */ = {
			isa = XCSwiftPackageProductDependency;
			package = 49D120A628AA212B00F678C4 /* XCRemoteSwiftPackageReference "SwiftDate" */;
			productName = SwiftDate;
		};
/* End XCSwiftPackageProductDependency section */
	};
	rootObject = 490DB3D428A7909C00851BE3 /* Project object */;
}
